// !$*UTF8*$!
{
	archiveVersion = 1;
	classes = {
	};
	objectVersion = 46;
	objects = {

/* Begin PBXBuildFile section */
		561567E1242706F50058E910 /* MyNavigationViewController.m in Sources */ = {isa = PBXBuildFile; fileRef = 561567DD242706F50058E910 /* MyNavigationViewController.m */; };
		561567E2242706F50058E910 /* SWRevealViewController.m in Sources */ = {isa = PBXBuildFile; fileRef = 561567E0242706F50058E910 /* SWRevealViewController.m */; };
		561567E4242707540058E910 /* ic_menu.png in Resources */ = {isa = PBXBuildFile; fileRef = 561567E3242707540058E910 /* ic_menu.png */; };
		561567E9242707BB0058E910 /* HomeViewController.m in Sources */ = {isa = PBXBuildFile; fileRef = 561567E8242707BB0058E910 /* HomeViewController.m */; };
		561567EC2427081F0058E910 /* Util.m in Sources */ = {isa = PBXBuildFile; fileRef = 561567EA2427081F0058E910 /* Util.m */; };
		561567EE242708D10058E910 /* ic-menu-24.png in Resources */ = {isa = PBXBuildFile; fileRef = 561567ED242708CF0058E910 /* ic-menu-24.png */; };
		5678F1FF242E5D020082B412 /* RED.png in Resources */ = {isa = PBXBuildFile; fileRef = 5678F1FE242E5D020082B412 /* RED.png */; };
		5678F202242E5D1C0082B412 /* Green.png in Resources */ = {isa = PBXBuildFile; fileRef = 5678F200242E5D1C0082B412 /* Green.png */; };
		5678F203242E5D1C0082B412 /* Group.png in Resources */ = {isa = PBXBuildFile; fileRef = 5678F201242E5D1C0082B412 /* Group.png */; };
		5678F205242E5D210082B412 /* Cross.png in Resources */ = {isa = PBXBuildFile; fileRef = 5678F204242E5D210082B412 /* Cross.png */; };
		5678F207242E66730082B412 /* GoogleService-Info.plist in Resources */ = {isa = PBXBuildFile; fileRef = 5678F206242E66730082B412 /* GoogleService-Info.plist */; };
		56C0143F243C6BFF00419C8C /* PacketTunnelProvider.m in Sources */ = {isa = PBXBuildFile; fileRef = 56C0143E243C6BFF00419C8C /* PacketTunnelProvider.m */; };
		56C01444243C6BFF00419C8C /* PacketTunnel.appex in Embed App Extensions */ = {isa = PBXBuildFile; fileRef = 56C0143B243C6BFF00419C8C /* PacketTunnel.appex */; settings = {ATTRIBUTES = (RemoveHeadersOnCopy, ); }; };
		56C01460243C6DD300419C8C /* OpenVPNTransportStats.mm in Sources */ = {isa = PBXBuildFile; fileRef = 56C0144B243C6DCE00419C8C /* OpenVPNTransportStats.mm */; };
		56C01461243C6DD300419C8C /* OpenVPNConnectionInfo.mm in Sources */ = {isa = PBXBuildFile; fileRef = 56C0144D243C6DCE00419C8C /* OpenVPNConnectionInfo.mm */; };
		56C01462243C6DD300419C8C /* OpenVPNReachabilityTracker.mm in Sources */ = {isa = PBXBuildFile; fileRef = 56C0144F243C6DCF00419C8C /* OpenVPNReachabilityTracker.mm */; };
		56C01463243C6DD300419C8C /* OpenVPNServerEntry.mm in Sources */ = {isa = PBXBuildFile; fileRef = 56C01450243C6DCF00419C8C /* OpenVPNServerEntry.mm */; };
		56C01464243C6DD300419C8C /* OpenVPNCertificate.m in Sources */ = {isa = PBXBuildFile; fileRef = 56C01451243C6DCF00419C8C /* OpenVPNCertificate.m */; };
		56C01465243C6DD300419C8C /* OpenVPNSessionToken.mm in Sources */ = {isa = PBXBuildFile; fileRef = 56C01457243C6DD100419C8C /* OpenVPNSessionToken.mm */; };
		56C01466243C6DD300419C8C /* NSArray+OpenVPNAdditions.m in Sources */ = {isa = PBXBuildFile; fileRef = 56C0145D243C6DD200419C8C /* NSArray+OpenVPNAdditions.m */; };
		56C01467243C6DD300419C8C /* OpenVPNClient.mm in Sources */ = {isa = PBXBuildFile; fileRef = 56C0145E243C6DD200419C8C /* OpenVPNClient.mm */; };
		56C0148D243C6DE500419C8C /* OpenVPNError.m in Sources */ = {isa = PBXBuildFile; fileRef = 56C0146A243C6DDC00419C8C /* OpenVPNError.m */; };
		56C0148E243C6DE500419C8C /* OpenVPNCredentials.mm in Sources */ = {isa = PBXBuildFile; fileRef = 56C0146B243C6DDC00419C8C /* OpenVPNCredentials.mm */; };
		56C0148F243C6DE500419C8C /* OpenVPNPacket.mm in Sources */ = {isa = PBXBuildFile; fileRef = 56C0146F243C6DDD00419C8C /* OpenVPNPacket.mm */; };
		56C01490243C6DE500419C8C /* OpenVPNPrivateKey.m in Sources */ = {isa = PBXBuildFile; fileRef = 56C01475243C6DDE00419C8C /* OpenVPNPrivateKey.m */; };
		56C01491243C6DE500419C8C /* OpenVPNProperties.mm in Sources */ = {isa = PBXBuildFile; fileRef = 56C01476243C6DDF00419C8C /* OpenVPNProperties.mm */; };
		56C01492243C6DE500419C8C /* NSError+OpenVPNError.m in Sources */ = {isa = PBXBuildFile; fileRef = 56C01477243C6DDF00419C8C /* NSError+OpenVPNError.m */; };
		56C01493243C6DE500419C8C /* OpenVPNInterfaceStats.mm in Sources */ = {isa = PBXBuildFile; fileRef = 56C01479243C6DE000419C8C /* OpenVPNInterfaceStats.mm */; };
		56C01494243C6DE500419C8C /* OpenVPNNetworkSettingsBuilder.m in Sources */ = {isa = PBXBuildFile; fileRef = 56C01482243C6DE300419C8C /* OpenVPNNetworkSettingsBuilder.m */; };
		56C01495243C6DE500419C8C /* OpenVPNAdapter.mm in Sources */ = {isa = PBXBuildFile; fileRef = 56C01485243C6DE300419C8C /* OpenVPNAdapter.mm */; };
		56C01496243C6DE500419C8C /* OpenVPNPacketFlowBridge.mm in Sources */ = {isa = PBXBuildFile; fileRef = 56C01486243C6DE300419C8C /* OpenVPNPacketFlowBridge.mm */; };
		56C01497243C6DE500419C8C /* OpenVPNReachability.mm in Sources */ = {isa = PBXBuildFile; fileRef = 56C01488243C6DE400419C8C /* OpenVPNReachability.mm */; };
		56C01498243C6DE500419C8C /* OpenVPNConfiguration.mm in Sources */ = {isa = PBXBuildFile; fileRef = 56C0148C243C6DE500419C8C /* OpenVPNConfiguration.mm */; };
		56C0149F243C700400419C8C /* ovpncli.mm in Sources */ = {isa = PBXBuildFile; fileRef = 56C0149E243C700400419C8C /* ovpncli.mm */; };
		56C014A0243C70C000419C8C /* NetworkExtension.framework in Frameworks */ = {isa = PBXBuildFile; fileRef = F2532C331C992A7F002D3E16 /* NetworkExtension.framework */; };
		56C014A2243C70C500419C8C /* SystemConfiguration.framework in Frameworks */ = {isa = PBXBuildFile; fileRef = 56C014A1243C70C500419C8C /* SystemConfiguration.framework */; };
		56C014A4243C70CD00419C8C /* UIKit.framework in Frameworks */ = {isa = PBXBuildFile; fileRef = 56C014A3243C70CD00419C8C /* UIKit.framework */; };
		56C014A7243C715100419C8C /* client.ovpn in Resources */ = {isa = PBXBuildFile; fileRef = 56C014A6243C715100419C8C /* client.ovpn */; };
		56C014AA243C73A100419C8C /* SettingController.m in Sources */ = {isa = PBXBuildFile; fileRef = 56C014A9243C73A100419C8C /* SettingController.m */; };
		56C014AC243C75C500419C8C /* ic_uncheck.png in Resources */ = {isa = PBXBuildFile; fileRef = 56C014AB243C75C500419C8C /* ic_uncheck.png */; };
		56C014B2243C76FE00419C8C /* ic_check.png in Resources */ = {isa = PBXBuildFile; fileRef = 56C014B1243C76FE00419C8C /* ic_check.png */; };
		56D95AC6242CEFCA00674659 /* Icon-01.ai in Resources */ = {isa = PBXBuildFile; fileRef = 56D95AC5242CEFCA00674659 /* Icon-01.ai */; };
		56D95AC8242CEFDC00674659 /* Icon-01.png in Resources */ = {isa = PBXBuildFile; fileRef = 56D95AC7242CEFDC00674659 /* Icon-01.png */; };
		56D95ACA242CF43600674659 /* Icon-03.png in Resources */ = {isa = PBXBuildFile; fileRef = 56D95AC9242CF43500674659 /* Icon-03.png */; };
		56D95ACD242D03C200674659 /* StoreKit.framework in Frameworks */ = {isa = PBXBuildFile; fileRef = 56D95ACC242D03C200674659 /* StoreKit.framework */; };
		56E163D124304DB6002F9964 /* SubscriptionController.m in Sources */ = {isa = PBXBuildFile; fileRef = 56E163D024304DB6002F9964 /* SubscriptionController.m */; };
		7D8ECC2D634E6649B55E815C /* Pods_HippoVPN.framework in Frameworks */ = {isa = PBXBuildFile; fileRef = ADB48901EB0105AD352569E7 /* Pods_HippoVPN.framework */; };
		A17BFFED2438A6A40019278A /* AppUISc1.jpg in Resources */ = {isa = PBXBuildFile; fileRef = A17BFFEC2438A6A40019278A /* AppUISc1.jpg */; };
		CED5A0E62433C52200DA9E94 /* FirtVC.m in Sources */ = {isa = PBXBuildFile; fileRef = CED5A0E52433C52200DA9E94 /* FirtVC.m */; };
		CED5A0E92433D32900DA9E94 /* Design Pattern.png in Resources */ = {isa = PBXBuildFile; fileRef = CED5A0E72433D32900DA9E94 /* Design Pattern.png */; };
		CED5A0EA2433D32900DA9E94 /* Hippo VPN Access.png in Resources */ = {isa = PBXBuildFile; fileRef = CED5A0E82433D32900DA9E94 /* Hippo VPN Access.png */; };
		CED5A0EC2433D4F800DA9E94 /* BG2.png in Resources */ = {isa = PBXBuildFile; fileRef = CED5A0EB2433D4F800DA9E94 /* BG2.png */; };
		CED5A0EF2433D71200DA9E94 /* SubscribeVC.m in Sources */ = {isa = PBXBuildFile; fileRef = CED5A0EE2433D71200DA9E94 /* SubscribeVC.m */; };
		CED5A0F12433D7FC00DA9E94 /* close-button.png in Resources */ = {isa = PBXBuildFile; fileRef = CED5A0F02433D7FC00DA9E94 /* close-button.png */; };
		F2532BFF1C992A2E002D3E16 /* main.m in Sources */ = {isa = PBXBuildFile; fileRef = F2532BFE1C992A2E002D3E16 /* main.m */; };
		F2532C021C992A2E002D3E16 /* AppDelegate.m in Sources */ = {isa = PBXBuildFile; fileRef = F2532C011C992A2E002D3E16 /* AppDelegate.m */; };
		F2532C0B1C992A2E002D3E16 /* Main.storyboard in Resources */ = {isa = PBXBuildFile; fileRef = F2532C091C992A2E002D3E16 /* Main.storyboard */; };
		F2532C0D1C992A2E002D3E16 /* Assets.xcassets in Resources */ = {isa = PBXBuildFile; fileRef = F2532C0C1C992A2E002D3E16 /* Assets.xcassets */; };
		F2532C101C992A2E002D3E16 /* LaunchScreen.storyboard in Resources */ = {isa = PBXBuildFile; fileRef = F2532C0E1C992A2E002D3E16 /* LaunchScreen.storyboard */; };
		F2532C341C992A7F002D3E16 /* NetworkExtension.framework in Frameworks */ = {isa = PBXBuildFile; fileRef = F2532C331C992A7F002D3E16 /* NetworkExtension.framework */; };
		F2532C3B1C992D2B002D3E16 /* LoginViewController.m in Sources */ = {isa = PBXBuildFile; fileRef = F2532C3A1C992D2B002D3E16 /* LoginViewController.m */; };
		F2532C3D1C992E3F002D3E16 /* Security.framework in Frameworks */ = {isa = PBXBuildFile; fileRef = F2532C3C1C992E3F002D3E16 /* Security.framework */; };
/* End PBXBuildFile section */

/* Begin PBXContainerItemProxy section */
		56C01442243C6BFF00419C8C /* PBXContainerItemProxy */ = {
			isa = PBXContainerItemProxy;
			containerPortal = F2532BF21C992A2E002D3E16 /* Project object */;
			proxyType = 1;
			remoteGlobalIDString = 56C0143A243C6BFF00419C8C;
			remoteInfo = PacketTunnel;
		};
/* End PBXContainerItemProxy section */

/* Begin PBXCopyFilesBuildPhase section */
		56C01445243C6C0000419C8C /* Embed App Extensions */ = {
			isa = PBXCopyFilesBuildPhase;
			buildActionMask = 2147483647;
			dstPath = "";
			dstSubfolderSpec = 13;
			files = (
				56C01444243C6BFF00419C8C /* PacketTunnel.appex in Embed App Extensions */,
			);
			name = "Embed App Extensions";
			runOnlyForDeploymentPostprocessing = 0;
		};
/* End PBXCopyFilesBuildPhase section */

/* Begin PBXFileReference section */
		4F1D750209C18031CD9F6AEE /* Pods-HippoVPN.debug.xcconfig */ = {isa = PBXFileReference; includeInIndex = 1; lastKnownFileType = text.xcconfig; name = "Pods-HippoVPN.debug.xcconfig"; path = "Target Support Files/Pods-HippoVPN/Pods-HippoVPN.debug.xcconfig"; sourceTree = "<group>"; };
		561567DD242706F50058E910 /* MyNavigationViewController.m */ = {isa = PBXFileReference; fileEncoding = 4; lastKnownFileType = sourcecode.c.objc; path = MyNavigationViewController.m; sourceTree = "<group>"; };
		561567DE242706F50058E910 /* SWRevealViewController.h */ = {isa = PBXFileReference; fileEncoding = 4; lastKnownFileType = sourcecode.c.h; path = SWRevealViewController.h; sourceTree = "<group>"; };
		561567DF242706F50058E910 /* MyNavigationViewController.h */ = {isa = PBXFileReference; fileEncoding = 4; lastKnownFileType = sourcecode.c.h; path = MyNavigationViewController.h; sourceTree = "<group>"; };
		561567E0242706F50058E910 /* SWRevealViewController.m */ = {isa = PBXFileReference; fileEncoding = 4; lastKnownFileType = sourcecode.c.objc; path = SWRevealViewController.m; sourceTree = "<group>"; };
		561567E3242707540058E910 /* ic_menu.png */ = {isa = PBXFileReference; lastKnownFileType = image.png; path = ic_menu.png; sourceTree = "<group>"; };
		561567E7242707BB0058E910 /* HomeViewController.h */ = {isa = PBXFileReference; lastKnownFileType = sourcecode.c.h; path = HomeViewController.h; sourceTree = "<group>"; };
		561567E8242707BB0058E910 /* HomeViewController.m */ = {isa = PBXFileReference; lastKnownFileType = sourcecode.c.objc; path = HomeViewController.m; sourceTree = "<group>"; };
		561567EA2427081F0058E910 /* Util.m */ = {isa = PBXFileReference; fileEncoding = 4; lastKnownFileType = sourcecode.c.objc; path = Util.m; sourceTree = "<group>"; };
		561567EB2427081F0058E910 /* Util.h */ = {isa = PBXFileReference; fileEncoding = 4; lastKnownFileType = sourcecode.c.h; path = Util.h; sourceTree = "<group>"; };
		561567ED242708CF0058E910 /* ic-menu-24.png */ = {isa = PBXFileReference; lastKnownFileType = image.png; path = "ic-menu-24.png"; sourceTree = "<group>"; };
		5678F1FE242E5D020082B412 /* RED.png */ = {isa = PBXFileReference; lastKnownFileType = image.png; path = RED.png; sourceTree = "<group>"; };
		5678F200242E5D1C0082B412 /* Green.png */ = {isa = PBXFileReference; lastKnownFileType = image.png; path = Green.png; sourceTree = "<group>"; };
		5678F201242E5D1C0082B412 /* Group.png */ = {isa = PBXFileReference; lastKnownFileType = image.png; path = Group.png; sourceTree = "<group>"; };
		5678F204242E5D210082B412 /* Cross.png */ = {isa = PBXFileReference; lastKnownFileType = image.png; path = Cross.png; sourceTree = "<group>"; };
		5678F206242E66730082B412 /* GoogleService-Info.plist */ = {isa = PBXFileReference; fileEncoding = 4; lastKnownFileType = text.plist.xml; path = "GoogleService-Info.plist"; sourceTree = "<group>"; };
		56C0143B243C6BFF00419C8C /* PacketTunnel.appex */ = {isa = PBXFileReference; explicitFileType = "wrapper.app-extension"; includeInIndex = 0; path = PacketTunnel.appex; sourceTree = BUILT_PRODUCTS_DIR; };
		56C0143D243C6BFF00419C8C /* PacketTunnelProvider.h */ = {isa = PBXFileReference; lastKnownFileType = sourcecode.c.h; path = PacketTunnelProvider.h; sourceTree = "<group>"; };
		56C0143E243C6BFF00419C8C /* PacketTunnelProvider.m */ = {isa = PBXFileReference; lastKnownFileType = sourcecode.c.objc; path = PacketTunnelProvider.m; sourceTree = "<group>"; };
		56C01440243C6BFF00419C8C /* Info.plist */ = {isa = PBXFileReference; lastKnownFileType = text.plist.xml; path = Info.plist; sourceTree = "<group>"; };
		56C01441243C6BFF00419C8C /* PacketTunnel.entitlements */ = {isa = PBXFileReference; lastKnownFileType = text.plist.entitlements; path = PacketTunnel.entitlements; sourceTree = "<group>"; };
		56C0144A243C6DCE00419C8C /* OpenVPNSessionToken+Internal.h */ = {isa = PBXFileReference; fileEncoding = 4; lastKnownFileType = sourcecode.c.h; path = "OpenVPNSessionToken+Internal.h"; sourceTree = "<group>"; };
		56C0144B243C6DCE00419C8C /* OpenVPNTransportStats.mm */ = {isa = PBXFileReference; fileEncoding = 4; lastKnownFileType = sourcecode.cpp.objcpp; path = OpenVPNTransportStats.mm; sourceTree = "<group>"; };
		56C0144C243C6DCE00419C8C /* OpenVPNConnectionInfo+Internal.h */ = {isa = PBXFileReference; fileEncoding = 4; lastKnownFileType = sourcecode.c.h; path = "OpenVPNConnectionInfo+Internal.h"; sourceTree = "<group>"; };
		56C0144D243C6DCE00419C8C /* OpenVPNConnectionInfo.mm */ = {isa = PBXFileReference; fileEncoding = 4; lastKnownFileType = sourcecode.cpp.objcpp; path = OpenVPNConnectionInfo.mm; sourceTree = "<group>"; };
		56C0144E243C6DCE00419C8C /* OpenVPNAdapterEvent.h */ = {isa = PBXFileReference; fileEncoding = 4; lastKnownFileType = sourcecode.c.h; path = OpenVPNAdapterEvent.h; sourceTree = "<group>"; };
		56C0144F243C6DCF00419C8C /* OpenVPNReachabilityTracker.mm */ = {isa = PBXFileReference; fileEncoding = 4; lastKnownFileType = sourcecode.cpp.objcpp; path = OpenVPNReachabilityTracker.mm; sourceTree = "<group>"; };
		56C01450243C6DCF00419C8C /* OpenVPNServerEntry.mm */ = {isa = PBXFileReference; fileEncoding = 4; lastKnownFileType = sourcecode.cpp.objcpp; path = OpenVPNServerEntry.mm; sourceTree = "<group>"; };
		56C01451243C6DCF00419C8C /* OpenVPNCertificate.m */ = {isa = PBXFileReference; fileEncoding = 4; lastKnownFileType = sourcecode.c.objc; path = OpenVPNCertificate.m; sourceTree = "<group>"; };
		56C01452243C6DCF00419C8C /* OpenVPNInterfaceStats+Internal.h */ = {isa = PBXFileReference; fileEncoding = 4; lastKnownFileType = sourcecode.c.h; path = "OpenVPNInterfaceStats+Internal.h"; sourceTree = "<group>"; };
		56C01453243C6DCF00419C8C /* OpenVPNTransportProtocol.h */ = {isa = PBXFileReference; fileEncoding = 4; lastKnownFileType = sourcecode.c.h; path = OpenVPNTransportProtocol.h; sourceTree = "<group>"; };
		56C01454243C6DD000419C8C /* OpenVPNError.h */ = {isa = PBXFileReference; fileEncoding = 4; lastKnownFileType = sourcecode.c.h; path = OpenVPNError.h; sourceTree = "<group>"; };
		56C01455243C6DD000419C8C /* OpenVPNPacket.h */ = {isa = PBXFileReference; fileEncoding = 4; lastKnownFileType = sourcecode.c.h; path = OpenVPNPacket.h; sourceTree = "<group>"; };
		56C01456243C6DD000419C8C /* OpenVPNTLSCertProfile.h */ = {isa = PBXFileReference; fileEncoding = 4; lastKnownFileType = sourcecode.c.h; path = OpenVPNTLSCertProfile.h; sourceTree = "<group>"; };
		56C01457243C6DD100419C8C /* OpenVPNSessionToken.mm */ = {isa = PBXFileReference; fileEncoding = 4; lastKnownFileType = sourcecode.cpp.objcpp; path = OpenVPNSessionToken.mm; sourceTree = "<group>"; };
		56C01458243C6DD100419C8C /* OpenVPNCredentials+Internal.h */ = {isa = PBXFileReference; fileEncoding = 4; lastKnownFileType = sourcecode.c.h; path = "OpenVPNCredentials+Internal.h"; sourceTree = "<group>"; };
		56C01459243C6DD100419C8C /* OpenVPNInterfaceStats.h */ = {isa = PBXFileReference; fileEncoding = 4; lastKnownFileType = sourcecode.c.h; path = OpenVPNInterfaceStats.h; sourceTree = "<group>"; };
		56C0145A243C6DD100419C8C /* OpenVPNPrivateKey.h */ = {isa = PBXFileReference; fileEncoding = 4; lastKnownFileType = sourcecode.c.h; path = OpenVPNPrivateKey.h; sourceTree = "<group>"; };
		56C0145B243C6DD200419C8C /* OpenVPNPacketFlowBridge.h */ = {isa = PBXFileReference; fileEncoding = 4; lastKnownFileType = sourcecode.c.h; path = OpenVPNPacketFlowBridge.h; sourceTree = "<group>"; };
		56C0145C243C6DD200419C8C /* OpenVPNKeyType.h */ = {isa = PBXFileReference; fileEncoding = 4; lastKnownFileType = sourcecode.c.h; path = OpenVPNKeyType.h; sourceTree = "<group>"; };
		56C0145D243C6DD200419C8C /* NSArray+OpenVPNAdditions.m */ = {isa = PBXFileReference; fileEncoding = 4; lastKnownFileType = sourcecode.c.objc; path = "NSArray+OpenVPNAdditions.m"; sourceTree = "<group>"; };
		56C0145E243C6DD200419C8C /* OpenVPNClient.mm */ = {isa = PBXFileReference; fileEncoding = 4; lastKnownFileType = sourcecode.cpp.objcpp; path = OpenVPNClient.mm; sourceTree = "<group>"; };
		56C0145F243C6DD200419C8C /* OpenVPNCompressionMode.h */ = {isa = PBXFileReference; fileEncoding = 4; lastKnownFileType = sourcecode.c.h; path = OpenVPNCompressionMode.h; sourceTree = "<group>"; };
		56C01468243C6DDB00419C8C /* OpenVPNSessionToken.h */ = {isa = PBXFileReference; fileEncoding = 4; lastKnownFileType = sourcecode.c.h; path = OpenVPNSessionToken.h; sourceTree = "<group>"; };
		56C01469243C6DDC00419C8C /* OpenVPNTransportStats.h */ = {isa = PBXFileReference; fileEncoding = 4; lastKnownFileType = sourcecode.c.h; path = OpenVPNTransportStats.h; sourceTree = "<group>"; };
		56C0146A243C6DDC00419C8C /* OpenVPNError.m */ = {isa = PBXFileReference; fileEncoding = 4; lastKnownFileType = sourcecode.c.objc; path = OpenVPNError.m; sourceTree = "<group>"; };
		56C0146B243C6DDC00419C8C /* OpenVPNCredentials.mm */ = {isa = PBXFileReference; fileEncoding = 4; lastKnownFileType = sourcecode.cpp.objcpp; path = OpenVPNCredentials.mm; sourceTree = "<group>"; };
		56C0146C243C6DDC00419C8C /* OpenVPNServerEntry+Internal.h */ = {isa = PBXFileReference; fileEncoding = 4; lastKnownFileType = sourcecode.c.h; path = "OpenVPNServerEntry+Internal.h"; sourceTree = "<group>"; };
		56C0146D243C6DDD00419C8C /* OpenVPNCredentials.h */ = {isa = PBXFileReference; fileEncoding = 4; lastKnownFileType = sourcecode.c.h; path = OpenVPNCredentials.h; sourceTree = "<group>"; };
		56C0146E243C6DDD00419C8C /* OpenVPNMinTLSVersion.h */ = {isa = PBXFileReference; fileEncoding = 4; lastKnownFileType = sourcecode.c.h; path = OpenVPNMinTLSVersion.h; sourceTree = "<group>"; };
		56C0146F243C6DDD00419C8C /* OpenVPNPacket.mm */ = {isa = PBXFileReference; fileEncoding = 4; lastKnownFileType = sourcecode.cpp.objcpp; path = OpenVPNPacket.mm; sourceTree = "<group>"; };
		56C01470243C6DDD00419C8C /* OpenVPNNetworkSettingsBuilder.h */ = {isa = PBXFileReference; fileEncoding = 4; lastKnownFileType = sourcecode.c.h; path = OpenVPNNetworkSettingsBuilder.h; sourceTree = "<group>"; };
		56C01471243C6DDE00419C8C /* NSError+OpenVPNError.h */ = {isa = PBXFileReference; fileEncoding = 4; lastKnownFileType = sourcecode.c.h; path = "NSError+OpenVPNError.h"; sourceTree = "<group>"; };
		56C01472243C6DDE00419C8C /* OpenVPNConfiguration.h */ = {isa = PBXFileReference; fileEncoding = 4; lastKnownFileType = sourcecode.c.h; path = OpenVPNConfiguration.h; sourceTree = "<group>"; };
		56C01473243C6DDE00419C8C /* OpenVPNConnectionInfo.h */ = {isa = PBXFileReference; fileEncoding = 4; lastKnownFileType = sourcecode.c.h; path = OpenVPNConnectionInfo.h; sourceTree = "<group>"; };
		56C01474243C6DDE00419C8C /* OpenVPNServerEntry.h */ = {isa = PBXFileReference; fileEncoding = 4; lastKnownFileType = sourcecode.c.h; path = OpenVPNServerEntry.h; sourceTree = "<group>"; };
		56C01475243C6DDE00419C8C /* OpenVPNPrivateKey.m */ = {isa = PBXFileReference; fileEncoding = 4; lastKnownFileType = sourcecode.c.objc; path = OpenVPNPrivateKey.m; sourceTree = "<group>"; };
		56C01476243C6DDF00419C8C /* OpenVPNProperties.mm */ = {isa = PBXFileReference; fileEncoding = 4; lastKnownFileType = sourcecode.cpp.objcpp; path = OpenVPNProperties.mm; sourceTree = "<group>"; };
		56C01477243C6DDF00419C8C /* NSError+OpenVPNError.m */ = {isa = PBXFileReference; fileEncoding = 4; lastKnownFileType = sourcecode.c.objc; path = "NSError+OpenVPNError.m"; sourceTree = "<group>"; };
		56C01478243C6DE000419C8C /* OpenVPNAdapterPacketFlow.h */ = {isa = PBXFileReference; fileEncoding = 4; lastKnownFileType = sourcecode.c.h; path = OpenVPNAdapterPacketFlow.h; sourceTree = "<group>"; };
		56C01479243C6DE000419C8C /* OpenVPNInterfaceStats.mm */ = {isa = PBXFileReference; fileEncoding = 4; lastKnownFileType = sourcecode.cpp.objcpp; path = OpenVPNInterfaceStats.mm; sourceTree = "<group>"; };
		56C0147A243C6DE000419C8C /* OpenVPNReachabilityTracker.h */ = {isa = PBXFileReference; fileEncoding = 4; lastKnownFileType = sourcecode.c.h; path = OpenVPNReachabilityTracker.h; sourceTree = "<group>"; };
		56C0147B243C6DE100419C8C /* OpenVPNAdapter.h */ = {isa = PBXFileReference; fileEncoding = 4; lastKnownFileType = sourcecode.c.h; path = OpenVPNAdapter.h; sourceTree = "<group>"; };
		56C0147C243C6DE100419C8C /* OpenVPNProperties.h */ = {isa = PBXFileReference; fileEncoding = 4; lastKnownFileType = sourcecode.c.h; path = OpenVPNProperties.h; sourceTree = "<group>"; };
		56C0147D243C6DE100419C8C /* OpenVPNProperties+Internal.h */ = {isa = PBXFileReference; fileEncoding = 4; lastKnownFileType = sourcecode.c.h; path = "OpenVPNProperties+Internal.h"; sourceTree = "<group>"; };
		56C0147E243C6DE100419C8C /* OpenVPNTransportStats+Internal.h */ = {isa = PBXFileReference; fileEncoding = 4; lastKnownFileType = sourcecode.c.h; path = "OpenVPNTransportStats+Internal.h"; sourceTree = "<group>"; };
		56C0147F243C6DE200419C8C /* OpenVPNIPv6Preference.h */ = {isa = PBXFileReference; fileEncoding = 4; lastKnownFileType = sourcecode.c.h; path = OpenVPNIPv6Preference.h; sourceTree = "<group>"; };
		56C01480243C6DE200419C8C /* OpenVPNClient.h */ = {isa = PBXFileReference; fileEncoding = 4; lastKnownFileType = sourcecode.c.h; path = OpenVPNClient.h; sourceTree = "<group>"; };
		56C01481243C6DE200419C8C /* Umbrella-Header.h */ = {isa = PBXFileReference; fileEncoding = 4; lastKnownFileType = sourcecode.c.h; path = "Umbrella-Header.h"; sourceTree = "<group>"; };
		56C01482243C6DE300419C8C /* OpenVPNNetworkSettingsBuilder.m */ = {isa = PBXFileReference; fileEncoding = 4; lastKnownFileType = sourcecode.c.objc; path = OpenVPNNetworkSettingsBuilder.m; sourceTree = "<group>"; };
		56C01483243C6DE300419C8C /* OpenVPNConfiguration+Internal.h */ = {isa = PBXFileReference; fileEncoding = 4; lastKnownFileType = sourcecode.c.h; path = "OpenVPNConfiguration+Internal.h"; sourceTree = "<group>"; };
		56C01484243C6DE300419C8C /* OpenVPNCertificate.h */ = {isa = PBXFileReference; fileEncoding = 4; lastKnownFileType = sourcecode.c.h; path = OpenVPNCertificate.h; sourceTree = "<group>"; };
		56C01485243C6DE300419C8C /* OpenVPNAdapter.mm */ = {isa = PBXFileReference; fileEncoding = 4; lastKnownFileType = sourcecode.cpp.objcpp; path = OpenVPNAdapter.mm; sourceTree = "<group>"; };
		56C01486243C6DE300419C8C /* OpenVPNPacketFlowBridge.mm */ = {isa = PBXFileReference; fileEncoding = 4; lastKnownFileType = sourcecode.cpp.objcpp; path = OpenVPNPacketFlowBridge.mm; sourceTree = "<group>"; };
		56C01487243C6DE400419C8C /* OpenVPNReachability.h */ = {isa = PBXFileReference; fileEncoding = 4; lastKnownFileType = sourcecode.c.h; path = OpenVPNReachability.h; sourceTree = "<group>"; };
		56C01488243C6DE400419C8C /* OpenVPNReachability.mm */ = {isa = PBXFileReference; fileEncoding = 4; lastKnownFileType = sourcecode.cpp.objcpp; path = OpenVPNReachability.mm; sourceTree = "<group>"; };
		56C01489243C6DE400419C8C /* OpenVPNReachabilityStatus.h */ = {isa = PBXFileReference; fileEncoding = 4; lastKnownFileType = sourcecode.c.h; path = OpenVPNReachabilityStatus.h; sourceTree = "<group>"; };
		56C0148A243C6DE400419C8C /* OpenVPNReachability+Internal.h */ = {isa = PBXFileReference; fileEncoding = 4; lastKnownFileType = sourcecode.c.h; path = "OpenVPNReachability+Internal.h"; sourceTree = "<group>"; };
		56C0148B243C6DE500419C8C /* NSArray+OpenVPNAdditions.h */ = {isa = PBXFileReference; fileEncoding = 4; lastKnownFileType = sourcecode.c.h; path = "NSArray+OpenVPNAdditions.h"; sourceTree = "<group>"; };
		56C0148C243C6DE500419C8C /* OpenVPNConfiguration.mm */ = {isa = PBXFileReference; fileEncoding = 4; lastKnownFileType = sourcecode.cpp.objcpp; path = OpenVPNConfiguration.mm; sourceTree = "<group>"; };
		56C0149D243C700400419C8C /* ovpncli.hpp */ = {isa = PBXFileReference; fileEncoding = 4; lastKnownFileType = sourcecode.cpp.h; name = ovpncli.hpp; path = Libraries/Vendors/openvpn/client/ovpncli.hpp; sourceTree = "<group>"; };
		56C0149E243C700400419C8C /* ovpncli.mm */ = {isa = PBXFileReference; fileEncoding = 4; lastKnownFileType = sourcecode.cpp.objcpp; name = ovpncli.mm; path = Libraries/Vendors/openvpn/client/ovpncli.mm; sourceTree = "<group>"; };
		56C014A1243C70C500419C8C /* SystemConfiguration.framework */ = {isa = PBXFileReference; lastKnownFileType = wrapper.framework; name = SystemConfiguration.framework; path = System/Library/Frameworks/SystemConfiguration.framework; sourceTree = SDKROOT; };
		56C014A3243C70CD00419C8C /* UIKit.framework */ = {isa = PBXFileReference; lastKnownFileType = wrapper.framework; name = UIKit.framework; path = System/Library/Frameworks/UIKit.framework; sourceTree = SDKROOT; };
		56C014A6243C715100419C8C /* client.ovpn */ = {isa = PBXFileReference; fileEncoding = 4; lastKnownFileType = text; path = client.ovpn; sourceTree = "<group>"; };
		56C014A8243C73A100419C8C /* SettingController.h */ = {isa = PBXFileReference; lastKnownFileType = sourcecode.c.h; path = SettingController.h; sourceTree = "<group>"; };
		56C014A9243C73A100419C8C /* SettingController.m */ = {isa = PBXFileReference; lastKnownFileType = sourcecode.c.objc; path = SettingController.m; sourceTree = "<group>"; };
		56C014AB243C75C500419C8C /* ic_uncheck.png */ = {isa = PBXFileReference; lastKnownFileType = image.png; path = ic_uncheck.png; sourceTree = "<group>"; };
		56C014B1243C76FE00419C8C /* ic_check.png */ = {isa = PBXFileReference; lastKnownFileType = image.png; path = ic_check.png; sourceTree = "<group>"; };
		56D95AC5242CEFCA00674659 /* Icon-01.ai */ = {isa = PBXFileReference; fileEncoding = 4; lastKnownFileType = text; path = "Icon-01.ai"; sourceTree = "<group>"; };
		56D95AC7242CEFDC00674659 /* Icon-01.png */ = {isa = PBXFileReference; lastKnownFileType = image.png; path = "Icon-01.png"; sourceTree = "<group>"; };
		56D95AC9242CF43500674659 /* Icon-03.png */ = {isa = PBXFileReference; lastKnownFileType = image.png; path = "Icon-03.png"; sourceTree = "<group>"; };
		56D95ACC242D03C200674659 /* StoreKit.framework */ = {isa = PBXFileReference; lastKnownFileType = wrapper.framework; name = StoreKit.framework; path = System/Library/Frameworks/StoreKit.framework; sourceTree = SDKROOT; };
		56E163CF24304DB6002F9964 /* SubscriptionController.h */ = {isa = PBXFileReference; lastKnownFileType = sourcecode.c.h; path = SubscriptionController.h; sourceTree = "<group>"; };
		56E163D024304DB6002F9964 /* SubscriptionController.m */ = {isa = PBXFileReference; lastKnownFileType = sourcecode.c.objc; path = SubscriptionController.m; sourceTree = "<group>"; };
		766E7EA0F1EBC8D8A50A1C51 /* Pods-HippoVPN.release.xcconfig */ = {isa = PBXFileReference; includeInIndex = 1; lastKnownFileType = text.xcconfig; name = "Pods-HippoVPN.release.xcconfig"; path = "Target Support Files/Pods-HippoVPN/Pods-HippoVPN.release.xcconfig"; sourceTree = "<group>"; };
		A17BFFEC2438A6A40019278A /* AppUISc1.jpg */ = {isa = PBXFileReference; lastKnownFileType = image.jpeg; name = AppUISc1.jpg; path = IKEv2_Demo/AppUISc1.jpg; sourceTree = SOURCE_ROOT; };
		ADB48901EB0105AD352569E7 /* Pods_HippoVPN.framework */ = {isa = PBXFileReference; explicitFileType = wrapper.framework; includeInIndex = 0; path = Pods_HippoVPN.framework; sourceTree = BUILT_PRODUCTS_DIR; };
		CE8D29AE2434BA2600B0A3A4 /* CoreData.framework */ = {isa = PBXFileReference; lastKnownFileType = wrapper.framework; name = CoreData.framework; path = System/Library/Frameworks/CoreData.framework; sourceTree = SDKROOT; };
		CE8D29B02434BA3300B0A3A4 /* libswiftCoreData.tbd */ = {isa = PBXFileReference; lastKnownFileType = "sourcecode.text-based-dylib-definition"; name = libswiftCoreData.tbd; path = usr/lib/swift/libswiftCoreData.tbd; sourceTree = SDKROOT; };
		CED5A0E42433C52200DA9E94 /* FirtVC.h */ = {isa = PBXFileReference; lastKnownFileType = sourcecode.c.h; path = FirtVC.h; sourceTree = "<group>"; };
		CED5A0E52433C52200DA9E94 /* FirtVC.m */ = {isa = PBXFileReference; lastKnownFileType = sourcecode.c.objc; path = FirtVC.m; sourceTree = "<group>"; };
		CED5A0E72433D32900DA9E94 /* Design Pattern.png */ = {isa = PBXFileReference; lastKnownFileType = image.png; path = "Design Pattern.png"; sourceTree = "<group>"; };
		CED5A0E82433D32900DA9E94 /* Hippo VPN Access.png */ = {isa = PBXFileReference; lastKnownFileType = image.png; path = "Hippo VPN Access.png"; sourceTree = "<group>"; };
		CED5A0EB2433D4F800DA9E94 /* BG2.png */ = {isa = PBXFileReference; lastKnownFileType = image.png; path = BG2.png; sourceTree = "<group>"; };
		CED5A0ED2433D71200DA9E94 /* SubscribeVC.h */ = {isa = PBXFileReference; lastKnownFileType = sourcecode.c.h; path = SubscribeVC.h; sourceTree = "<group>"; };
		CED5A0EE2433D71200DA9E94 /* SubscribeVC.m */ = {isa = PBXFileReference; lastKnownFileType = sourcecode.c.objc; path = SubscribeVC.m; sourceTree = "<group>"; };
		CED5A0F02433D7FC00DA9E94 /* close-button.png */ = {isa = PBXFileReference; lastKnownFileType = image.png; path = "close-button.png"; sourceTree = "<group>"; };
		F2532BFA1C992A2E002D3E16 /* HippoVPN.app */ = {isa = PBXFileReference; explicitFileType = wrapper.application; includeInIndex = 0; path = HippoVPN.app; sourceTree = BUILT_PRODUCTS_DIR; };
		F2532BFE1C992A2E002D3E16 /* main.m */ = {isa = PBXFileReference; lastKnownFileType = sourcecode.c.objc; path = main.m; sourceTree = "<group>"; };
		F2532C001C992A2E002D3E16 /* AppDelegate.h */ = {isa = PBXFileReference; lastKnownFileType = sourcecode.c.h; path = AppDelegate.h; sourceTree = "<group>"; };
		F2532C011C992A2E002D3E16 /* AppDelegate.m */ = {isa = PBXFileReference; lastKnownFileType = sourcecode.c.objc; path = AppDelegate.m; sourceTree = "<group>"; };
		F2532C0A1C992A2E002D3E16 /* Base */ = {isa = PBXFileReference; lastKnownFileType = file.storyboard; name = Base; path = Base.lproj/Main.storyboard; sourceTree = "<group>"; };
		F2532C0C1C992A2E002D3E16 /* Assets.xcassets */ = {isa = PBXFileReference; lastKnownFileType = folder.assetcatalog; path = Assets.xcassets; sourceTree = "<group>"; };
		F2532C0F1C992A2E002D3E16 /* Base */ = {isa = PBXFileReference; lastKnownFileType = file.storyboard; name = Base; path = Base.lproj/LaunchScreen.storyboard; sourceTree = "<group>"; };
		F2532C111C992A2E002D3E16 /* Info.plist */ = {isa = PBXFileReference; lastKnownFileType = text.plist.xml; path = Info.plist; sourceTree = "<group>"; };
		F2532C331C992A7F002D3E16 /* NetworkExtension.framework */ = {isa = PBXFileReference; lastKnownFileType = wrapper.framework; name = NetworkExtension.framework; path = System/Library/Frameworks/NetworkExtension.framework; sourceTree = SDKROOT; };
		F2532C351C992A7F002D3E16 /* IKEv2_Demo.entitlements */ = {isa = PBXFileReference; lastKnownFileType = text.xml; path = IKEv2_Demo.entitlements; sourceTree = "<group>"; };
		F2532C391C992D2B002D3E16 /* LoginViewController.h */ = {isa = PBXFileReference; fileEncoding = 4; lastKnownFileType = sourcecode.c.h; path = LoginViewController.h; sourceTree = "<group>"; };
		F2532C3A1C992D2B002D3E16 /* LoginViewController.m */ = {isa = PBXFileReference; fileEncoding = 4; lastKnownFileType = sourcecode.c.objc; path = LoginViewController.m; sourceTree = "<group>"; };
		F2532C3C1C992E3F002D3E16 /* Security.framework */ = {isa = PBXFileReference; lastKnownFileType = wrapper.framework; name = Security.framework; path = System/Library/Frameworks/Security.framework; sourceTree = SDKROOT; };
/* End PBXFileReference section */

/* Begin PBXFrameworksBuildPhase section */
		56C01438243C6BFF00419C8C /* Frameworks */ = {
			isa = PBXFrameworksBuildPhase;
			buildActionMask = 2147483647;
			files = (
				56C014A2243C70C500419C8C /* SystemConfiguration.framework in Frameworks */,
				56C014A4243C70CD00419C8C /* UIKit.framework in Frameworks */,
				56C014A0243C70C000419C8C /* NetworkExtension.framework in Frameworks */,
			);
			runOnlyForDeploymentPostprocessing = 0;
		};
		F2532BF71C992A2E002D3E16 /* Frameworks */ = {
			isa = PBXFrameworksBuildPhase;
			buildActionMask = 2147483647;
			files = (
				56D95ACD242D03C200674659 /* StoreKit.framework in Frameworks */,
				F2532C3D1C992E3F002D3E16 /* Security.framework in Frameworks */,
				F2532C341C992A7F002D3E16 /* NetworkExtension.framework in Frameworks */,
				7D8ECC2D634E6649B55E815C /* Pods_HippoVPN.framework in Frameworks */,
			);
			runOnlyForDeploymentPostprocessing = 0;
		};
/* End PBXFrameworksBuildPhase section */

/* Begin PBXGroup section */
		561567DC242706E00058E910 /* Navigation */ = {
			isa = PBXGroup;
			children = (
				561567DF242706F50058E910 /* MyNavigationViewController.h */,
				561567DD242706F50058E910 /* MyNavigationViewController.m */,
				561567DE242706F50058E910 /* SWRevealViewController.h */,
				561567E0242706F50058E910 /* SWRevealViewController.m */,
			);
			path = Navigation;
			sourceTree = "<group>";
		};
		561567E6242707610058E910 /* img */ = {
			isa = PBXGroup;
			children = (
				56C014B1243C76FE00419C8C /* ic_check.png */,
				56C014AB243C75C500419C8C /* ic_uncheck.png */,
				A17BFFEC2438A6A40019278A /* AppUISc1.jpg */,
				CED5A0F02433D7FC00DA9E94 /* close-button.png */,
				CED5A0EB2433D4F800DA9E94 /* BG2.png */,
				CED5A0E72433D32900DA9E94 /* Design Pattern.png */,
				CED5A0E82433D32900DA9E94 /* Hippo VPN Access.png */,
				5678F1FE242E5D020082B412 /* RED.png */,
				5678F204242E5D210082B412 /* Cross.png */,
				5678F200242E5D1C0082B412 /* Green.png */,
				5678F201242E5D1C0082B412 /* Group.png */,
				56D95AC5242CEFCA00674659 /* Icon-01.ai */,
				56D95AC9242CF43500674659 /* Icon-03.png */,
				56D95AC7242CEFDC00674659 /* Icon-01.png */,
				561567ED242708CF0058E910 /* ic-menu-24.png */,
				561567E3242707540058E910 /* ic_menu.png */,
			);
			path = img;
			sourceTree = "<group>";
		};
		56C0143C243C6BFF00419C8C /* PacketTunnel */ = {
			isa = PBXGroup;
			children = (
				56C0143D243C6BFF00419C8C /* PacketTunnelProvider.h */,
				56C0143E243C6BFF00419C8C /* PacketTunnelProvider.m */,
				56C01440243C6BFF00419C8C /* Info.plist */,
				56C01441243C6BFF00419C8C /* PacketTunnel.entitlements */,
			);
			path = PacketTunnel;
			sourceTree = "<group>";
		};
		56C01449243C6DAD00419C8C /* OpenVPNAdapter */ = {
			isa = PBXGroup;
			children = (
				56C0149D243C700400419C8C /* ovpncli.hpp */,
				56C0149E243C700400419C8C /* ovpncli.mm */,
				56C0145D243C6DD200419C8C /* NSArray+OpenVPNAdditions.m */,
				56C0144E243C6DCE00419C8C /* OpenVPNAdapterEvent.h */,
				56C01451243C6DCF00419C8C /* OpenVPNCertificate.m */,
				56C0145E243C6DD200419C8C /* OpenVPNClient.mm */,
				56C0145F243C6DD200419C8C /* OpenVPNCompressionMode.h */,
				56C0144D243C6DCE00419C8C /* OpenVPNConnectionInfo.mm */,
				56C0144C243C6DCE00419C8C /* OpenVPNConnectionInfo+Internal.h */,
				56C01458243C6DD100419C8C /* OpenVPNCredentials+Internal.h */,
				56C01454243C6DD000419C8C /* OpenVPNError.h */,
				56C01459243C6DD100419C8C /* OpenVPNInterfaceStats.h */,
				56C01452243C6DCF00419C8C /* OpenVPNInterfaceStats+Internal.h */,
				56C0145C243C6DD200419C8C /* OpenVPNKeyType.h */,
				56C01455243C6DD000419C8C /* OpenVPNPacket.h */,
				56C0145B243C6DD200419C8C /* OpenVPNPacketFlowBridge.h */,
				56C0145A243C6DD100419C8C /* OpenVPNPrivateKey.h */,
				56C0144F243C6DCF00419C8C /* OpenVPNReachabilityTracker.mm */,
				56C01450243C6DCF00419C8C /* OpenVPNServerEntry.mm */,
				56C01457243C6DD100419C8C /* OpenVPNSessionToken.mm */,
				56C0144A243C6DCE00419C8C /* OpenVPNSessionToken+Internal.h */,
				56C01456243C6DD000419C8C /* OpenVPNTLSCertProfile.h */,
				56C01453243C6DCF00419C8C /* OpenVPNTransportProtocol.h */,
				56C0144B243C6DCE00419C8C /* OpenVPNTransportStats.mm */,
				56C0148B243C6DE500419C8C /* NSArray+OpenVPNAdditions.h */,
				56C01471243C6DDE00419C8C /* NSError+OpenVPNError.h */,
				56C01477243C6DDF00419C8C /* NSError+OpenVPNError.m */,
				56C0147B243C6DE100419C8C /* OpenVPNAdapter.h */,
				56C01485243C6DE300419C8C /* OpenVPNAdapter.mm */,
				56C01478243C6DE000419C8C /* OpenVPNAdapterPacketFlow.h */,
				56C01484243C6DE300419C8C /* OpenVPNCertificate.h */,
				56C01480243C6DE200419C8C /* OpenVPNClient.h */,
				56C01472243C6DDE00419C8C /* OpenVPNConfiguration.h */,
				56C0148C243C6DE500419C8C /* OpenVPNConfiguration.mm */,
				56C01483243C6DE300419C8C /* OpenVPNConfiguration+Internal.h */,
				56C01473243C6DDE00419C8C /* OpenVPNConnectionInfo.h */,
				56C0146D243C6DDD00419C8C /* OpenVPNCredentials.h */,
				56C0146B243C6DDC00419C8C /* OpenVPNCredentials.mm */,
				56C0146A243C6DDC00419C8C /* OpenVPNError.m */,
				56C01479243C6DE000419C8C /* OpenVPNInterfaceStats.mm */,
				56C0147F243C6DE200419C8C /* OpenVPNIPv6Preference.h */,
				56C0146E243C6DDD00419C8C /* OpenVPNMinTLSVersion.h */,
				56C01470243C6DDD00419C8C /* OpenVPNNetworkSettingsBuilder.h */,
				56C01482243C6DE300419C8C /* OpenVPNNetworkSettingsBuilder.m */,
				56C0146F243C6DDD00419C8C /* OpenVPNPacket.mm */,
				56C01486243C6DE300419C8C /* OpenVPNPacketFlowBridge.mm */,
				56C01475243C6DDE00419C8C /* OpenVPNPrivateKey.m */,
				56C0147C243C6DE100419C8C /* OpenVPNProperties.h */,
				56C01476243C6DDF00419C8C /* OpenVPNProperties.mm */,
				56C0147D243C6DE100419C8C /* OpenVPNProperties+Internal.h */,
				56C01487243C6DE400419C8C /* OpenVPNReachability.h */,
				56C01488243C6DE400419C8C /* OpenVPNReachability.mm */,
				56C0148A243C6DE400419C8C /* OpenVPNReachability+Internal.h */,
				56C01489243C6DE400419C8C /* OpenVPNReachabilityStatus.h */,
				56C0147A243C6DE000419C8C /* OpenVPNReachabilityTracker.h */,
				56C01474243C6DDE00419C8C /* OpenVPNServerEntry.h */,
				56C0146C243C6DDC00419C8C /* OpenVPNServerEntry+Internal.h */,
				56C01468243C6DDB00419C8C /* OpenVPNSessionToken.h */,
				56C01469243C6DDC00419C8C /* OpenVPNTransportStats.h */,
				56C0147E243C6DE100419C8C /* OpenVPNTransportStats+Internal.h */,
				56C01481243C6DE200419C8C /* Umbrella-Header.h */,
			);
			path = OpenVPNAdapter;
			sourceTree = "<group>";
		};
		56C014A5243C712700419C8C /* Supporting files */ = {
			isa = PBXGroup;
			children = (
				56C014A6243C715100419C8C /* client.ovpn */,
			);
			name = "Supporting files";
			sourceTree = "<group>";
		};
		56D95ACB242D03C200674659 /* Frameworks */ = {
			isa = PBXGroup;
			children = (
				56C014A3243C70CD00419C8C /* UIKit.framework */,
				56C014A1243C70C500419C8C /* SystemConfiguration.framework */,
				CE8D29B02434BA3300B0A3A4 /* libswiftCoreData.tbd */,
				CE8D29AE2434BA2600B0A3A4 /* CoreData.framework */,
				56D95ACC242D03C200674659 /* StoreKit.framework */,
				ADB48901EB0105AD352569E7 /* Pods_HippoVPN.framework */,
			);
			name = Frameworks;
			sourceTree = "<group>";
		};
		F2532BF11C992A2E002D3E16 = {
			isa = PBXGroup;
			children = (
				5678F206242E66730082B412 /* GoogleService-Info.plist */,
				F2532C3C1C992E3F002D3E16 /* Security.framework */,
				F2532C331C992A7F002D3E16 /* NetworkExtension.framework */,
				F2532BFC1C992A2E002D3E16 /* IKEv2_Demo */,
				56C0143C243C6BFF00419C8C /* PacketTunnel */,
				F2532BFB1C992A2E002D3E16 /* Products */,
				56D95ACB242D03C200674659 /* Frameworks */,
				FB204DA457256352626A17C0 /* Pods */,
			);
			sourceTree = "<group>";
		};
		F2532BFB1C992A2E002D3E16 /* Products */ = {
			isa = PBXGroup;
			children = (
				F2532BFA1C992A2E002D3E16 /* HippoVPN.app */,
				56C0143B243C6BFF00419C8C /* PacketTunnel.appex */,
			);
			name = Products;
			sourceTree = "<group>";
		};
		F2532BFC1C992A2E002D3E16 /* IKEv2_Demo */ = {
			isa = PBXGroup;
			children = (
				56C014A5243C712700419C8C /* Supporting files */,
				56C01449243C6DAD00419C8C /* OpenVPNAdapter */,
				561567EB2427081F0058E910 /* Util.h */,
				561567EA2427081F0058E910 /* Util.m */,
				561567E6242707610058E910 /* img */,
				561567DC242706E00058E910 /* Navigation */,
				F2532C351C992A7F002D3E16 /* IKEv2_Demo.entitlements */,
				F2532C001C992A2E002D3E16 /* AppDelegate.h */,
				F2532C011C992A2E002D3E16 /* AppDelegate.m */,
				F2532C391C992D2B002D3E16 /* LoginViewController.h */,
				F2532C3A1C992D2B002D3E16 /* LoginViewController.m */,
				F2532C091C992A2E002D3E16 /* Main.storyboard */,
				F2532C0C1C992A2E002D3E16 /* Assets.xcassets */,
				F2532C0E1C992A2E002D3E16 /* LaunchScreen.storyboard */,
				F2532C111C992A2E002D3E16 /* Info.plist */,
				F2532BFD1C992A2E002D3E16 /* Supporting Files */,
				561567E7242707BB0058E910 /* HomeViewController.h */,
				561567E8242707BB0058E910 /* HomeViewController.m */,
				56E163CF24304DB6002F9964 /* SubscriptionController.h */,
				56E163D024304DB6002F9964 /* SubscriptionController.m */,
				CED5A0E42433C52200DA9E94 /* FirtVC.h */,
				CED5A0E52433C52200DA9E94 /* FirtVC.m */,
				CED5A0ED2433D71200DA9E94 /* SubscribeVC.h */,
				CED5A0EE2433D71200DA9E94 /* SubscribeVC.m */,
				56C014A8243C73A100419C8C /* SettingController.h */,
				56C014A9243C73A100419C8C /* SettingController.m */,
			);
			path = IKEv2_Demo;
			sourceTree = "<group>";
		};
		F2532BFD1C992A2E002D3E16 /* Supporting Files */ = {
			isa = PBXGroup;
			children = (
				F2532BFE1C992A2E002D3E16 /* main.m */,
			);
			name = "Supporting Files";
			sourceTree = "<group>";
		};
		FB204DA457256352626A17C0 /* Pods */ = {
			isa = PBXGroup;
			children = (
				4F1D750209C18031CD9F6AEE /* Pods-HippoVPN.debug.xcconfig */,
				766E7EA0F1EBC8D8A50A1C51 /* Pods-HippoVPN.release.xcconfig */,
			);
			path = Pods;
			sourceTree = "<group>";
		};
/* End PBXGroup section */

/* Begin PBXNativeTarget section */
		56C0143A243C6BFF00419C8C /* PacketTunnel */ = {
			isa = PBXNativeTarget;
			buildConfigurationList = 56C01448243C6C0000419C8C /* Build configuration list for PBXNativeTarget "PacketTunnel" */;
			buildPhases = (
				56C01437243C6BFF00419C8C /* Sources */,
				56C01438243C6BFF00419C8C /* Frameworks */,
				56C01439243C6BFF00419C8C /* Resources */,
			);
			buildRules = (
			);
			dependencies = (
			);
			name = PacketTunnel;
			productName = PacketTunnel;
			productReference = 56C0143B243C6BFF00419C8C /* PacketTunnel.appex */;
			productType = "com.apple.product-type.app-extension";
		};
		F2532BF91C992A2E002D3E16 /* HippoVPN */ = {
			isa = PBXNativeTarget;
			buildConfigurationList = F2532C2A1C992A2F002D3E16 /* Build configuration list for PBXNativeTarget "HippoVPN" */;
			buildPhases = (
				ADC499783ECDCA822B78CBA1 /* [CP] Check Pods Manifest.lock */,
				F2532BF61C992A2E002D3E16 /* Sources */,
				F2532BF71C992A2E002D3E16 /* Frameworks */,
				F2532BF81C992A2E002D3E16 /* Resources */,
				D004647FA83A1BF611C1E8F0 /* [CP] Embed Pods Frameworks */,
				56C01445243C6C0000419C8C /* Embed App Extensions */,
			);
			buildRules = (
			);
			dependencies = (
				56C01443243C6BFF00419C8C /* PBXTargetDependency */,
			);
			name = HippoVPN;
			productName = IKEv2_Demo;
			productReference = F2532BFA1C992A2E002D3E16 /* HippoVPN.app */;
			productType = "com.apple.product-type.application";
		};
/* End PBXNativeTarget section */

/* Begin PBXProject section */
		F2532BF21C992A2E002D3E16 /* Project object */ = {
			isa = PBXProject;
			attributes = {
				LastUpgradeCheck = 0720;
				ORGANIZATIONNAME = zorro;
				TargetAttributes = {
					56C0143A243C6BFF00419C8C = {
						CreatedOnToolsVersion = 11.3.1;
						DevelopmentTeam = 762SRFFV7T;
						ProvisioningStyle = Automatic;
					};
					F2532BF91C992A2E002D3E16 = {
						CreatedOnToolsVersion = 7.2.1;
						DevelopmentTeam = 762SRFFV7T;
						ProvisioningStyle = Automatic;
						SystemCapabilities = {
							com.apple.VPNLite = {
								enabled = 1;
							};
						};
					};
				};
			};
			buildConfigurationList = F2532BF51C992A2E002D3E16 /* Build configuration list for PBXProject "HippoVPN" */;
			compatibilityVersion = "Xcode 3.2";
			developmentRegion = English;
			hasScannedForEncodings = 0;
			knownRegions = (
				English,
				en,
				Base,
			);
			mainGroup = F2532BF11C992A2E002D3E16;
			productRefGroup = F2532BFB1C992A2E002D3E16 /* Products */;
			projectDirPath = "";
			projectRoot = "";
			targets = (
				F2532BF91C992A2E002D3E16 /* HippoVPN */,
				56C0143A243C6BFF00419C8C /* PacketTunnel */,
			);
		};
/* End PBXProject section */

/* Begin PBXResourcesBuildPhase section */
		56C01439243C6BFF00419C8C /* Resources */ = {
			isa = PBXResourcesBuildPhase;
			buildActionMask = 2147483647;
			files = (
			);
			runOnlyForDeploymentPostprocessing = 0;
		};
		F2532BF81C992A2E002D3E16 /* Resources */ = {
			isa = PBXResourcesBuildPhase;
			buildActionMask = 2147483647;
			files = (
				56D95AC6242CEFCA00674659 /* Icon-01.ai in Resources */,
				56C014A7243C715100419C8C /* client.ovpn in Resources */,
				A17BFFED2438A6A40019278A /* AppUISc1.jpg in Resources */,
				5678F203242E5D1C0082B412 /* Group.png in Resources */,
				CED5A0F12433D7FC00DA9E94 /* close-button.png in Resources */,
				56C014AC243C75C500419C8C /* ic_uncheck.png in Resources */,
				F2532C101C992A2E002D3E16 /* LaunchScreen.storyboard in Resources */,
				56C014B2243C76FE00419C8C /* ic_check.png in Resources */,
				5678F202242E5D1C0082B412 /* Green.png in Resources */,
				F2532C0D1C992A2E002D3E16 /* Assets.xcassets in Resources */,
				561567EE242708D10058E910 /* ic-menu-24.png in Resources */,
				56D95ACA242CF43600674659 /* Icon-03.png in Resources */,
				56D95AC8242CEFDC00674659 /* Icon-01.png in Resources */,
				5678F1FF242E5D020082B412 /* RED.png in Resources */,
				CED5A0E92433D32900DA9E94 /* Design Pattern.png in Resources */,
				561567E4242707540058E910 /* ic_menu.png in Resources */,
				5678F205242E5D210082B412 /* Cross.png in Resources */,
				CED5A0EA2433D32900DA9E94 /* Hippo VPN Access.png in Resources */,
				F2532C0B1C992A2E002D3E16 /* Main.storyboard in Resources */,
				CED5A0EC2433D4F800DA9E94 /* BG2.png in Resources */,
				5678F207242E66730082B412 /* GoogleService-Info.plist in Resources */,
			);
			runOnlyForDeploymentPostprocessing = 0;
		};
/* End PBXResourcesBuildPhase section */

/* Begin PBXShellScriptBuildPhase section */
		ADC499783ECDCA822B78CBA1 /* [CP] Check Pods Manifest.lock */ = {
			isa = PBXShellScriptBuildPhase;
			buildActionMask = 2147483647;
			files = (
			);
			inputFileListPaths = (
			);
			inputPaths = (
				"${PODS_PODFILE_DIR_PATH}/Podfile.lock",
				"${PODS_ROOT}/Manifest.lock",
			);
			name = "[CP] Check Pods Manifest.lock";
			outputFileListPaths = (
			);
			outputPaths = (
				"$(DERIVED_FILE_DIR)/Pods-HippoVPN-checkManifestLockResult.txt",
			);
			runOnlyForDeploymentPostprocessing = 0;
			shellPath = /bin/sh;
			shellScript = "diff \"${PODS_PODFILE_DIR_PATH}/Podfile.lock\" \"${PODS_ROOT}/Manifest.lock\" > /dev/null\nif [ $? != 0 ] ; then\n    # print error to STDERR\n    echo \"error: The sandbox is not in sync with the Podfile.lock. Run 'pod install' or update your CocoaPods installation.\" >&2\n    exit 1\nfi\n# This output is used by Xcode 'outputs' to avoid re-running this script phase.\necho \"SUCCESS\" > \"${SCRIPT_OUTPUT_FILE_0}\"\n";
			showEnvVarsInLog = 0;
		};
		D004647FA83A1BF611C1E8F0 /* [CP] Embed Pods Frameworks */ = {
			isa = PBXShellScriptBuildPhase;
			buildActionMask = 2147483647;
			files = (
			);
			inputPaths = (
				"${PODS_ROOT}/Target Support Files/Pods-HippoVPN/Pods-HippoVPN-frameworks.sh",
				"${BUILT_PRODUCTS_DIR}/GoogleUtilities/GoogleUtilities.framework",
				"${BUILT_PRODUCTS_DIR}/PromisesObjC/FBLPromises.framework",
				"${BUILT_PRODUCTS_DIR}/nanopb/nanopb.framework",
			);
			name = "[CP] Embed Pods Frameworks";
			outputPaths = (
				"${TARGET_BUILD_DIR}/${FRAMEWORKS_FOLDER_PATH}/GoogleUtilities.framework",
				"${TARGET_BUILD_DIR}/${FRAMEWORKS_FOLDER_PATH}/FBLPromises.framework",
				"${TARGET_BUILD_DIR}/${FRAMEWORKS_FOLDER_PATH}/nanopb.framework",
			);
			runOnlyForDeploymentPostprocessing = 0;
			shellPath = /bin/sh;
			shellScript = "\"${PODS_ROOT}/Target Support Files/Pods-HippoVPN/Pods-HippoVPN-frameworks.sh\"\n";
			showEnvVarsInLog = 0;
		};
/* End PBXShellScriptBuildPhase section */

/* Begin PBXSourcesBuildPhase section */
		56C01437243C6BFF00419C8C /* Sources */ = {
			isa = PBXSourcesBuildPhase;
			buildActionMask = 2147483647;
			files = (
				56C01495243C6DE500419C8C /* OpenVPNAdapter.mm in Sources */,
				56C01467243C6DD300419C8C /* OpenVPNClient.mm in Sources */,
				56C01498243C6DE500419C8C /* OpenVPNConfiguration.mm in Sources */,
				56C01464243C6DD300419C8C /* OpenVPNCertificate.m in Sources */,
				56C01462243C6DD300419C8C /* OpenVPNReachabilityTracker.mm in Sources */,
				56C01494243C6DE500419C8C /* OpenVPNNetworkSettingsBuilder.m in Sources */,
				56C01496243C6DE500419C8C /* OpenVPNPacketFlowBridge.mm in Sources */,
				56C01460243C6DD300419C8C /* OpenVPNTransportStats.mm in Sources */,
				56C0148E243C6DE500419C8C /* OpenVPNCredentials.mm in Sources */,
				56C01490243C6DE500419C8C /* OpenVPNPrivateKey.m in Sources */,
				56C01497243C6DE500419C8C /* OpenVPNReachability.mm in Sources */,
				56C01493243C6DE500419C8C /* OpenVPNInterfaceStats.mm in Sources */,
				56C01492243C6DE500419C8C /* NSError+OpenVPNError.m in Sources */,
				56C01465243C6DD300419C8C /* OpenVPNSessionToken.mm in Sources */,
				56C0148F243C6DE500419C8C /* OpenVPNPacket.mm in Sources */,
				56C0149F243C700400419C8C /* ovpncli.mm in Sources */,
				56C0148D243C6DE500419C8C /* OpenVPNError.m in Sources */,
				56C0143F243C6BFF00419C8C /* PacketTunnelProvider.m in Sources */,
				56C01466243C6DD300419C8C /* NSArray+OpenVPNAdditions.m in Sources */,
				56C01491243C6DE500419C8C /* OpenVPNProperties.mm in Sources */,
				56C01461243C6DD300419C8C /* OpenVPNConnectionInfo.mm in Sources */,
				56C01463243C6DD300419C8C /* OpenVPNServerEntry.mm in Sources */,
			);
			runOnlyForDeploymentPostprocessing = 0;
		};
		F2532BF61C992A2E002D3E16 /* Sources */ = {
			isa = PBXSourcesBuildPhase;
			buildActionMask = 2147483647;
			files = (
				561567E1242706F50058E910 /* MyNavigationViewController.m in Sources */,
				F2532C021C992A2E002D3E16 /* AppDelegate.m in Sources */,
				56C014AA243C73A100419C8C /* SettingController.m in Sources */,
				561567E2242706F50058E910 /* SWRevealViewController.m in Sources */,
				CED5A0E62433C52200DA9E94 /* FirtVC.m in Sources */,
				F2532BFF1C992A2E002D3E16 /* main.m in Sources */,
				56E163D124304DB6002F9964 /* SubscriptionController.m in Sources */,
				F2532C3B1C992D2B002D3E16 /* LoginViewController.m in Sources */,
				CED5A0EF2433D71200DA9E94 /* SubscribeVC.m in Sources */,
				561567EC2427081F0058E910 /* Util.m in Sources */,
				561567E9242707BB0058E910 /* HomeViewController.m in Sources */,
			);
			runOnlyForDeploymentPostprocessing = 0;
		};
/* End PBXSourcesBuildPhase section */

/* Begin PBXTargetDependency section */
		56C01443243C6BFF00419C8C /* PBXTargetDependency */ = {
			isa = PBXTargetDependency;
			target = 56C0143A243C6BFF00419C8C /* PacketTunnel */;
			targetProxy = 56C01442243C6BFF00419C8C /* PBXContainerItemProxy */;
		};
/* End PBXTargetDependency section */

/* Begin PBXVariantGroup section */
		F2532C091C992A2E002D3E16 /* Main.storyboard */ = {
			isa = PBXVariantGroup;
			children = (
				F2532C0A1C992A2E002D3E16 /* Base */,
			);
			name = Main.storyboard;
			sourceTree = "<group>";
		};
		F2532C0E1C992A2E002D3E16 /* LaunchScreen.storyboard */ = {
			isa = PBXVariantGroup;
			children = (
				F2532C0F1C992A2E002D3E16 /* Base */,
			);
			name = LaunchScreen.storyboard;
			sourceTree = "<group>";
		};
/* End PBXVariantGroup section */

/* Begin XCBuildConfiguration section */
		56C01446243C6C0000419C8C /* Debug */ = {
			isa = XCBuildConfiguration;
			buildSettings = {
				CLANG_ANALYZER_NONNULL = YES;
				CLANG_ANALYZER_NUMBER_OBJECT_CONVERSION = YES_AGGRESSIVE;
				CLANG_CXX_LANGUAGE_STANDARD = "gnu++14";
				CLANG_ENABLE_OBJC_WEAK = YES;
				CLANG_WARN_BLOCK_CAPTURE_AUTORELEASING = YES;
				CLANG_WARN_COMMA = YES;
				CLANG_WARN_DEPRECATED_OBJC_IMPLEMENTATIONS = YES;
				CLANG_WARN_DOCUMENTATION_COMMENTS = YES;
				CLANG_WARN_INFINITE_RECURSION = YES;
				CLANG_WARN_NON_LITERAL_NULL_CONVERSION = YES;
				CLANG_WARN_OBJC_IMPLICIT_RETAIN_SELF = YES;
				CLANG_WARN_OBJC_LITERAL_CONVERSION = YES;
				CLANG_WARN_RANGE_LOOP_ANALYSIS = YES;
				CLANG_WARN_STRICT_PROTOTYPES = YES;
				CLANG_WARN_SUSPICIOUS_MOVE = YES;
				CLANG_WARN_UNGUARDED_AVAILABILITY = YES_AGGRESSIVE;
				CODE_SIGN_ENTITLEMENTS = PacketTunnel/PacketTunnel.entitlements;
				CODE_SIGN_IDENTITY = "Apple Development";
				"CODE_SIGN_IDENTITY[sdk=iphoneos*]" = "iPhone Developer";
				CODE_SIGN_STYLE = Automatic;
				CURRENT_PROJECT_VERSION = 9.9;
				DEVELOPMENT_TEAM = 762SRFFV7T;
				ENABLE_BITCODE = NO;
				GCC_C_LANGUAGE_STANDARD = gnu11;
				HEADER_SEARCH_PATHS = (
					"\"$(VENDORS_PATH)/asio/asio/include\"",
					"\"$(VENDORS_PATH)/lz4/include\"",
					"\"$(VENDORS_PATH)/mbedtls/include\"",
					"\"$(VENDORS_PATH)/openvpn\"",
				);
				INFOPLIST_FILE = PacketTunnel/Info.plist;
				IPHONEOS_DEPLOYMENT_TARGET = 9.2;
				LD_RUNPATH_SEARCH_PATHS = "$(inherited) @executable_path/Frameworks @executable_path/../../Frameworks";
				LIBRARY_SEARCH_PATHS = (
					"\"$(VENDORS_PATH)/lz4/lib/ios\"",
					"\"$(VENDORS_PATH)/mbedtls/lib/ios\"",
					"$(PROJECT_DIR)/NETExtension/OpenVPNAdapter/Libraries/Vendors/mbedtls/lib/macos",
					"$(PROJECT_DIR)/NETExtension/OpenVPNAdapter/Libraries/Vendors/mbedtls/lib/ios",
					"$(PROJECT_DIR)/NETExtension/OpenVPNAdapter/Libraries/Vendors/lz4/lib/macos",
					"$(PROJECT_DIR)/NETExtension/OpenVPNAdapter/Libraries/Vendors/lz4/lib/ios",
				);
				MARKETING_VERSION = 1.9;
				MTL_ENABLE_DEBUG_INFO = INCLUDE_SOURCE;
				MTL_FAST_MATH = YES;
				OTHER_CPLUSPLUSFLAGS = (
					"$(OTHER_CFLAGS)",
					"$(OTHER_CFLAGS)",
					"-DUSE_ASIO",
					"-DASIO_STANDALONE",
					"-DASIO_NO_DEPRECATED",
					"-DHAVE_LZ4",
					"-DUSE_MBEDTLS",
					"-DOPENVPN_FORCE_TUN_NULL",
					"-DUSE_TUN_BUILDER",
				);
				OTHER_LDFLAGS = (
					"-lmbedtls",
					"-lmbedx509",
					"-lmbedcrypto",
					"-llz4",
				);
				PRODUCT_BUNDLE_IDENTIFIER = co.oliver.vpn.PacketTunnel;
				PRODUCT_NAME = "$(TARGET_NAME)";
				PROVISIONING_PROFILE = "";
				SKIP_INSTALL = YES;
				TARGETED_DEVICE_FAMILY = "1,2";
				VENDORS_PATH = "$(PROJECT_DIR)/IKEv2_Demo/OpenVPNAdapter/Libraries/Vendors";
			};
			name = Debug;
		};
		56C01447243C6C0000419C8C /* Release */ = {
			isa = XCBuildConfiguration;
			buildSettings = {
				CLANG_ANALYZER_NONNULL = YES;
				CLANG_ANALYZER_NUMBER_OBJECT_CONVERSION = YES_AGGRESSIVE;
				CLANG_CXX_LANGUAGE_STANDARD = "gnu++14";
				CLANG_ENABLE_OBJC_WEAK = YES;
				CLANG_WARN_BLOCK_CAPTURE_AUTORELEASING = YES;
				CLANG_WARN_COMMA = YES;
				CLANG_WARN_DEPRECATED_OBJC_IMPLEMENTATIONS = YES;
				CLANG_WARN_DOCUMENTATION_COMMENTS = YES;
				CLANG_WARN_INFINITE_RECURSION = YES;
				CLANG_WARN_NON_LITERAL_NULL_CONVERSION = YES;
				CLANG_WARN_OBJC_IMPLICIT_RETAIN_SELF = YES;
				CLANG_WARN_OBJC_LITERAL_CONVERSION = YES;
				CLANG_WARN_RANGE_LOOP_ANALYSIS = YES;
				CLANG_WARN_STRICT_PROTOTYPES = YES;
				CLANG_WARN_SUSPICIOUS_MOVE = YES;
				CLANG_WARN_UNGUARDED_AVAILABILITY = YES_AGGRESSIVE;
				CODE_SIGN_ENTITLEMENTS = PacketTunnel/PacketTunnel.entitlements;
				CODE_SIGN_IDENTITY = "Apple Development";
				"CODE_SIGN_IDENTITY[sdk=iphoneos*]" = "iPhone Developer";
				CODE_SIGN_STYLE = Automatic;
				CURRENT_PROJECT_VERSION = 9.9;
				DEVELOPMENT_TEAM = 762SRFFV7T;
				ENABLE_BITCODE = NO;
				GCC_C_LANGUAGE_STANDARD = gnu11;
				HEADER_SEARCH_PATHS = (
					"\"$(VENDORS_PATH)/asio/asio/include\"",
					"\"$(VENDORS_PATH)/lz4/include\"",
					"\"$(VENDORS_PATH)/mbedtls/include\"",
					"\"$(VENDORS_PATH)/openvpn\"",
				);
				INFOPLIST_FILE = PacketTunnel/Info.plist;
				IPHONEOS_DEPLOYMENT_TARGET = 9.2;
				LD_RUNPATH_SEARCH_PATHS = "$(inherited) @executable_path/Frameworks @executable_path/../../Frameworks";
				LIBRARY_SEARCH_PATHS = (
					"\"$(VENDORS_PATH)/lz4/lib/ios\"",
					"\"$(VENDORS_PATH)/mbedtls/lib/ios\"",
					"$(PROJECT_DIR)/NETExtension/OpenVPNAdapter/Libraries/Vendors/mbedtls/lib/macos",
					"$(PROJECT_DIR)/NETExtension/OpenVPNAdapter/Libraries/Vendors/mbedtls/lib/ios",
					"$(PROJECT_DIR)/NETExtension/OpenVPNAdapter/Libraries/Vendors/lz4/lib/macos",
					"$(PROJECT_DIR)/NETExtension/OpenVPNAdapter/Libraries/Vendors/lz4/lib/ios",
				);
				MARKETING_VERSION = 1.9;
				MTL_FAST_MATH = YES;
				OTHER_CPLUSPLUSFLAGS = (
					"$(OTHER_CFLAGS)",
					"$(OTHER_CFLAGS)",
					"-DUSE_ASIO",
					"-DASIO_STANDALONE",
					"-DASIO_NO_DEPRECATED",
					"-DHAVE_LZ4",
					"-DUSE_MBEDTLS",
					"-DOPENVPN_FORCE_TUN_NULL",
					"-DUSE_TUN_BUILDER",
				);
				OTHER_LDFLAGS = (
					"-lmbedtls",
					"-lmbedx509",
					"-lmbedcrypto",
					"-llz4",
				);
				PRODUCT_BUNDLE_IDENTIFIER = co.oliver.vpn.PacketTunnel;
				PRODUCT_NAME = "$(TARGET_NAME)";
				PROVISIONING_PROFILE = "";
				SKIP_INSTALL = YES;
				TARGETED_DEVICE_FAMILY = "1,2";
				VENDORS_PATH = "$(PROJECT_DIR)/IKEv2_Demo/OpenVPNAdapter/Libraries/Vendors";
			};
			name = Release;
		};
		F2532C281C992A2F002D3E16 /* Debug */ = {
			isa = XCBuildConfiguration;
			buildSettings = {
				ALWAYS_SEARCH_USER_PATHS = NO;
				CLANG_CXX_LANGUAGE_STANDARD = "gnu++0x";
				CLANG_CXX_LIBRARY = "libc++";
				CLANG_ENABLE_MODULES = YES;
				CLANG_ENABLE_OBJC_ARC = YES;
				CLANG_WARN_BOOL_CONVERSION = YES;
				CLANG_WARN_CONSTANT_CONVERSION = YES;
				CLANG_WARN_DIRECT_OBJC_ISA_USAGE = YES_ERROR;
				CLANG_WARN_EMPTY_BODY = YES;
				CLANG_WARN_ENUM_CONVERSION = YES;
				CLANG_WARN_INT_CONVERSION = YES;
				CLANG_WARN_OBJC_ROOT_CLASS = YES_ERROR;
				CLANG_WARN_UNREACHABLE_CODE = YES;
				CLANG_WARN__DUPLICATE_METHOD_MATCH = YES;
				"CODE_SIGN_IDENTITY[sdk=iphoneos*]" = "iPhone Developer";
				COPY_PHASE_STRIP = NO;
				DEBUG_INFORMATION_FORMAT = dwarf;
				ENABLE_STRICT_OBJC_MSGSEND = YES;
				ENABLE_TESTABILITY = YES;
				GCC_C_LANGUAGE_STANDARD = gnu99;
				GCC_DYNAMIC_NO_PIC = NO;
				GCC_NO_COMMON_BLOCKS = YES;
				GCC_OPTIMIZATION_LEVEL = 0;
				GCC_PREPROCESSOR_DEFINITIONS = (
					"DEBUG=1",
					"$(inherited)",
				);
				GCC_WARN_64_TO_32_BIT_CONVERSION = YES;
				GCC_WARN_ABOUT_RETURN_TYPE = YES_ERROR;
				GCC_WARN_UNDECLARED_SELECTOR = YES;
				GCC_WARN_UNINITIALIZED_AUTOS = YES_AGGRESSIVE;
				GCC_WARN_UNUSED_FUNCTION = YES;
				GCC_WARN_UNUSED_VARIABLE = YES;
				IPHONEOS_DEPLOYMENT_TARGET = 9.2;
				MTL_ENABLE_DEBUG_INFO = YES;
				ONLY_ACTIVE_ARCH = YES;
				SDKROOT = iphoneos;
			};
			name = Debug;
		};
		F2532C291C992A2F002D3E16 /* Release */ = {
			isa = XCBuildConfiguration;
			buildSettings = {
				ALWAYS_SEARCH_USER_PATHS = NO;
				CLANG_CXX_LANGUAGE_STANDARD = "gnu++0x";
				CLANG_CXX_LIBRARY = "libc++";
				CLANG_ENABLE_MODULES = YES;
				CLANG_ENABLE_OBJC_ARC = YES;
				CLANG_WARN_BOOL_CONVERSION = YES;
				CLANG_WARN_CONSTANT_CONVERSION = YES;
				CLANG_WARN_DIRECT_OBJC_ISA_USAGE = YES_ERROR;
				CLANG_WARN_EMPTY_BODY = YES;
				CLANG_WARN_ENUM_CONVERSION = YES;
				CLANG_WARN_INT_CONVERSION = YES;
				CLANG_WARN_OBJC_ROOT_CLASS = YES_ERROR;
				CLANG_WARN_UNREACHABLE_CODE = YES;
				CLANG_WARN__DUPLICATE_METHOD_MATCH = YES;
				"CODE_SIGN_IDENTITY[sdk=iphoneos*]" = "iPhone Developer";
				COPY_PHASE_STRIP = NO;
				DEBUG_INFORMATION_FORMAT = "dwarf-with-dsym";
				ENABLE_NS_ASSERTIONS = NO;
				ENABLE_STRICT_OBJC_MSGSEND = YES;
				GCC_C_LANGUAGE_STANDARD = gnu99;
				GCC_NO_COMMON_BLOCKS = YES;
				GCC_WARN_64_TO_32_BIT_CONVERSION = YES;
				GCC_WARN_ABOUT_RETURN_TYPE = YES_ERROR;
				GCC_WARN_UNDECLARED_SELECTOR = YES;
				GCC_WARN_UNINITIALIZED_AUTOS = YES_AGGRESSIVE;
				GCC_WARN_UNUSED_FUNCTION = YES;
				GCC_WARN_UNUSED_VARIABLE = YES;
				IPHONEOS_DEPLOYMENT_TARGET = 9.2;
				MTL_ENABLE_DEBUG_INFO = NO;
				SDKROOT = iphoneos;
				VALIDATE_PRODUCT = YES;
			};
			name = Release;
		};
		F2532C2B1C992A2F002D3E16 /* Debug */ = {
			isa = XCBuildConfiguration;
			baseConfigurationReference = 4F1D750209C18031CD9F6AEE /* Pods-HippoVPN.debug.xcconfig */;
			buildSettings = {
				ASSETCATALOG_COMPILER_APPICON_NAME = AppIcon;
				CODE_SIGN_ENTITLEMENTS = IKEv2_Demo/IKEv2_Demo.entitlements;
				CODE_SIGN_IDENTITY = "Apple Development";
				"CODE_SIGN_IDENTITY[sdk=iphoneos*]" = "iPhone Developer";
				CODE_SIGN_STYLE = Automatic;
				CURRENT_PROJECT_VERSION = 9.9;
				DEVELOPMENT_TEAM = 762SRFFV7T;
				INFOPLIST_FILE = IKEv2_Demo/Info.plist;
				LD_RUNPATH_SEARCH_PATHS = "$(inherited) @executable_path/Frameworks";
				LIBRARY_SEARCH_PATHS = (
					"$(inherited)",
					"$(SDKROOT)/usr/lib/swift",
				);
				MARKETING_VERSION = 1.9;
				PRODUCT_BUNDLE_IDENTIFIER = co.oliver.vpn;
				PRODUCT_NAME = "$(TARGET_NAME)";
				PROVISIONING_PROFILE = "";
				PROVISIONING_PROFILE_SPECIFIER = "";
				TARGETED_DEVICE_FAMILY = "1,2";
			};
			name = Debug;
		};
		F2532C2C1C992A2F002D3E16 /* Release */ = {
			isa = XCBuildConfiguration;
			baseConfigurationReference = 766E7EA0F1EBC8D8A50A1C51 /* Pods-HippoVPN.release.xcconfig */;
			buildSettings = {
				ASSETCATALOG_COMPILER_APPICON_NAME = AppIcon;
				CODE_SIGN_ENTITLEMENTS = IKEv2_Demo/IKEv2_Demo.entitlements;
				CODE_SIGN_IDENTITY = "Apple Development";
				"CODE_SIGN_IDENTITY[sdk=iphoneos*]" = "iPhone Developer";
				CODE_SIGN_STYLE = Automatic;
				CURRENT_PROJECT_VERSION = 9.9;
				DEVELOPMENT_TEAM = 762SRFFV7T;
				INFOPLIST_FILE = IKEv2_Demo/Info.plist;
				LD_RUNPATH_SEARCH_PATHS = "$(inherited) @executable_path/Frameworks";
				LIBRARY_SEARCH_PATHS = (
					"$(inherited)",
					"$(SDKROOT)/usr/lib/swift",
				);
				MARKETING_VERSION = 1.9;
				PRODUCT_BUNDLE_IDENTIFIER = co.oliver.vpn;
				PRODUCT_NAME = "$(TARGET_NAME)";
				PROVISIONING_PROFILE = "";
				PROVISIONING_PROFILE_SPECIFIER = "";
				TARGETED_DEVICE_FAMILY = "1,2";
			};
			name = Release;
		};
/* End XCBuildConfiguration section */

/* Begin XCConfigurationList section */
		56C01448243C6C0000419C8C /* Build configuration list for PBXNativeTarget "PacketTunnel" */ = {
			isa = XCConfigurationList;
			buildConfigurations = (
				56C01446243C6C0000419C8C /* Debug */,
				56C01447243C6C0000419C8C /* Release */,
			);
			defaultConfigurationIsVisible = 0;
			defaultConfigurationName = Release;
		};
		F2532BF51C992A2E002D3E16 /* Build configuration list for PBXProject "HippoVPN" */ = {
			isa = XCConfigurationList;
			buildConfigurations = (
				F2532C281C992A2F002D3E16 /* Debug */,
				F2532C291C992A2F002D3E16 /* Release */,
			);
			defaultConfigurationIsVisible = 0;
			defaultConfigurationName = Release;
		};
		F2532C2A1C992A2F002D3E16 /* Build configuration list for PBXNativeTarget "HippoVPN" */ = {
			isa = XCConfigurationList;
			buildConfigurations = (
				F2532C2B1C992A2F002D3E16 /* Debug */,
				F2532C2C1C992A2F002D3E16 /* Release */,
			);
			defaultConfigurationIsVisible = 0;
			defaultConfigurationName = Release;
		};
/* End XCConfigurationList section */
	};
	rootObject = F2532BF21C992A2E002D3E16 /* Project object */;
}
